github.com/go-sql-driver/mysql v1.6.0 h1:BCTh4TKNUYmOmMUcQ3IipzF5prigylS7XXjEkfCHuOE=
github.com/go-sql-driver/mysql v1.6.0/go.mod h1:DCzpHaOWr8IXmIStZouvnhqoel9Qv2LBy8hT2VhHyBg=
github.com/google/uuid v1.3.0 h1:t6JiXgmwXMjEs8VusXIJk2BXHsn+wx8BZdTaoZ5fu7I=
github.com/google/uuid v1.3.0/go.mod h1:TIyPZe4MgqvfeYDBFedMoGGpEw/LqOeaOT+nhxU+yHo=
github.com/jarismar/b3c-service-entities v0.0.11 h1:nWWnmrUrRoUOPhLut0M4TG50dbW6LmSbSYie1Fi1/d0=
github.com/jarismar/b3c-service-entities v0.0.11/go.mod h1:H3kL4i2YJjBQIL3dLzz3D5BjOok65/A7iFPGzEpUBo4=
